// !$*UTF8*$!
{
	archiveVersion = 1;
	classes = {
	};
	objectVersion = 46;
	objects = {

/* Begin PBXBuildFile section */
		AD6F4C121AF05408007809CA /* main.cpp in Sources */ = {isa = PBXBuildFile; fileRef = AD6F4C111AF05408007809CA /* main.cpp */; };
		AD6F4C1A1AF06497007809CA /* IOScheduler.cpp in Sources */ = {isa = PBXBuildFile; fileRef = AD6F4C181AF06497007809CA /* IOScheduler.cpp */; };
		AD6F4C1E1AF1B516007809CA /* FCFS.cpp in Sources */ = {isa = PBXBuildFile; fileRef = AD6F4C1C1AF1B516007809CA /* FCFS.cpp */; };
		AD6F4C211AF1BEF2007809CA /* SSTF.cpp in Sources */ = {isa = PBXBuildFile; fileRef = AD6F4C1F1AF1BEF2007809CA /* SSTF.cpp */; };
		AD6F4C241AF27D13007809CA /* Elevator.cpp in Sources */ = {isa = PBXBuildFile; fileRef = AD6F4C221AF27D13007809CA /* Elevator.cpp */; };
		AD6F4C271AF2ACFA007809CA /* CircularElevator.cpp in Sources */ = {isa = PBXBuildFile; fileRef = AD6F4C251AF2ACFA007809CA /* CircularElevator.cpp */; };
		AD6F4C2A1AF2B5B5007809CA /* FScan.cpp in Sources */ = {isa = PBXBuildFile; fileRef = AD6F4C281AF2B5B5007809CA /* FScan.cpp */; };
/* End PBXBuildFile section */

/* Begin PBXCopyFilesBuildPhase section */
		AD6F4C0C1AF05408007809CA /* CopyFiles */ = {
			isa = PBXCopyFilesBuildPhase;
			buildActionMask = 2147483647;
			dstPath = /usr/share/man/man1/;
			dstSubfolderSpec = 0;
			files = (
			);
			runOnlyForDeploymentPostprocessing = 1;
		};
/* End PBXCopyFilesBuildPhase section */

/* Begin PBXFileReference section */
		AD6F4C0E1AF05408007809CA /* IOScheduling */ = {isa = PBXFileReference; explicitFileType = "compiled.mach-o.executable"; includeInIndex = 0; path = IOScheduling; sourceTree = BUILT_PRODUCTS_DIR; };
		AD6F4C111AF05408007809CA /* main.cpp */ = {isa = PBXFileReference; lastKnownFileType = sourcecode.cpp.cpp; path = main.cpp; sourceTree = "<group>"; };
		AD6F4C181AF06497007809CA /* IOScheduler.cpp */ = {isa = PBXFileReference; fileEncoding = 4; lastKnownFileType = sourcecode.cpp.cpp; path = IOScheduler.cpp; sourceTree = "<group>"; };
		AD6F4C191AF06497007809CA /* IOScheduler.h */ = {isa = PBXFileReference; fileEncoding = 4; lastKnownFileType = sourcecode.c.h; path = IOScheduler.h; sourceTree = "<group>"; };
		AD6F4C1B1AF193A6007809CA /* Request.h */ = {isa = PBXFileReference; lastKnownFileType = sourcecode.c.h; path = Request.h; sourceTree = "<group>"; };
		AD6F4C1C1AF1B516007809CA /* FCFS.cpp */ = {isa = PBXFileReference; fileEncoding = 4; lastKnownFileType = sourcecode.cpp.cpp; path = FCFS.cpp; sourceTree = "<group>"; };
		AD6F4C1D1AF1B516007809CA /* FCFS.h */ = {isa = PBXFileReference; fileEncoding = 4; lastKnownFileType = sourcecode.c.h; path = FCFS.h; sourceTree = "<group>"; };
		AD6F4C1F1AF1BEF2007809CA /* SSTF.cpp */ = {isa = PBXFileReference; fileEncoding = 4; lastKnownFileType = sourcecode.cpp.cpp; path = SSTF.cpp; sourceTree = "<group>"; };
		AD6F4C201AF1BEF2007809CA /* SSTF.h */ = {isa = PBXFileReference; fileEncoding = 4; lastKnownFileType = sourcecode.c.h; path = SSTF.h; sourceTree = "<group>"; };
		AD6F4C221AF27D13007809CA /* Elevator.cpp */ = {isa = PBXFileReference; fileEncoding = 4; lastKnownFileType = sourcecode.cpp.cpp; path = Elevator.cpp; sourceTree = "<group>"; };
		AD6F4C231AF27D13007809CA /* Elevator.h */ = {isa = PBXFileReference; fileEncoding = 4; lastKnownFileType = sourcecode.c.h; path = Elevator.h; sourceTree = "<group>"; };
		AD6F4C251AF2ACFA007809CA /* CircularElevator.cpp */ = {isa = PBXFileReference; fileEncoding = 4; lastKnownFileType = sourcecode.cpp.cpp; path = CircularElevator.cpp; sourceTree = "<group>"; };
		AD6F4C261AF2ACFA007809CA /* CircularElevator.h */ = {isa = PBXFileReference; fileEncoding = 4; lastKnownFileType = sourcecode.c.h; path = CircularElevator.h; sourceTree = "<group>"; };
		AD6F4C281AF2B5B5007809CA /* FScan.cpp */ = {isa = PBXFileReference; fileEncoding = 4; lastKnownFileType = sourcecode.cpp.cpp; path = FScan.cpp; sourceTree = "<group>"; };
		AD6F4C291AF2B5B5007809CA /* FScan.h */ = {isa = PBXFileReference; fileEncoding = 4; lastKnownFileType = sourcecode.c.h; path = FScan.h; sourceTree = "<group>"; };
/* End PBXFileReference section */

/* Begin PBXFrameworksBuildPhase section */
		AD6F4C0B1AF05408007809CA /* Frameworks */ = {
			isa = PBXFrameworksBuildPhase;
			buildActionMask = 2147483647;
			files = (
			);
			runOnlyForDeploymentPostprocessing = 0;
		};
/* End PBXFrameworksBuildPhase section */

/* Begin PBXGroup section */
		AD6F4C051AF05408007809CA = {
			isa = PBXGroup;
			children = (
				AD6F4C101AF05408007809CA /* IOScheduling */,
				AD6F4C0F1AF05408007809CA /* Products */,
			);
			sourceTree = "<group>";
		};
		AD6F4C0F1AF05408007809CA /* Products */ = {
			isa = PBXGroup;
			children = (
				AD6F4C0E1AF05408007809CA /* IOScheduling */,
			);
			name = Products;
			sourceTree = "<group>";
		};
		AD6F4C101AF05408007809CA /* IOScheduling */ = {
			isa = PBXGroup;
			children = (
				AD6F4C111AF05408007809CA /* main.cpp */,
				AD6F4C181AF06497007809CA /* IOScheduler.cpp */,
				AD6F4C191AF06497007809CA /* IOScheduler.h */,
				AD6F4C1C1AF1B516007809CA /* FCFS.cpp */,
				AD6F4C1D1AF1B516007809CA /* FCFS.h */,
				AD6F4C1F1AF1BEF2007809CA /* SSTF.cpp */,
				AD6F4C201AF1BEF2007809CA /* SSTF.h */,
				AD6F4C1B1AF193A6007809CA /* Request.h */,
				AD6F4C221AF27D13007809CA /* Elevator.cpp */,
				AD6F4C231AF27D13007809CA /* Elevator.h */,
				AD6F4C251AF2ACFA007809CA /* CircularElevator.cpp */,
				AD6F4C261AF2ACFA007809CA /* CircularElevator.h */,
				AD6F4C281AF2B5B5007809CA /* FScan.cpp */,
				AD6F4C291AF2B5B5007809CA /* FScan.h */,
			);
			path = IOScheduling;
			sourceTree = "<group>";
		};
/* End PBXGroup section */

/* Begin PBXNativeTarget section */
		AD6F4C0D1AF05408007809CA /* IOScheduling */ = {
			isa = PBXNativeTarget;
			buildConfigurationList = AD6F4C151AF05408007809CA /* Build configuration list for PBXNativeTarget "IOScheduling" */;
			buildPhases = (
				AD6F4C0A1AF05408007809CA /* Sources */,
				AD6F4C0B1AF05408007809CA /* Frameworks */,
				AD6F4C0C1AF05408007809CA /* CopyFiles */,
			);
			buildRules = (
			);
			dependencies = (
			);
			name = IOScheduling;
			productName = IOScheduling;
			productReference = AD6F4C0E1AF05408007809CA /* IOScheduling */;
			productType = "com.apple.product-type.tool";
		};
/* End PBXNativeTarget section */

/* Begin PBXProject section */
		AD6F4C061AF05408007809CA /* Project object */ = {
			isa = PBXProject;
			attributes = {
				LastUpgradeCheck = 0630;
				ORGANIZATIONNAME = "Haoran Jia";
				TargetAttributes = {
					AD6F4C0D1AF05408007809CA = {
						CreatedOnToolsVersion = 6.3.1;
					};
				};
			};
			buildConfigurationList = AD6F4C091AF05408007809CA /* Build configuration list for PBXProject "IOScheduling" */;
			compatibilityVersion = "Xcode 3.2";
			developmentRegion = English;
			hasScannedForEncodings = 0;
			knownRegions = (
				en,
			);
			mainGroup = AD6F4C051AF05408007809CA;
			productRefGroup = AD6F4C0F1AF05408007809CA /* Products */;
			projectDirPath = "";
			projectRoot = "";
			targets = (
				AD6F4C0D1AF05408007809CA /* IOScheduling */,
			);
		};
/* End PBXProject section */

/* Begin PBXSourcesBuildPhase section */
		AD6F4C0A1AF05408007809CA /* Sources */ = {
			isa = PBXSourcesBuildPhase;
			buildActionMask = 2147483647;
			files = (
				AD6F4C2A1AF2B5B5007809CA /* FScan.cpp in Sources */,
				AD6F4C1E1AF1B516007809CA /* FCFS.cpp in Sources */,
				AD6F4C211AF1BEF2007809CA /* SSTF.cpp in Sources */,
				AD6F4C271AF2ACFA007809CA /* CircularElevator.cpp in Sources */,
				AD6F4C121AF05408007809CA /* main.cpp in Sources */,
				AD6F4C241AF27D13007809CA /* Elevator.cpp in Sources */,
				AD6F4C1A1AF06497007809CA /* IOScheduler.cpp in Sources */,
			);
			runOnlyForDeploymentPostprocessing = 0;
		};
/* End PBXSourcesBuildPhase section */

/* Begin XCBuildConfiguration section */
		AD6F4C131AF05408007809CA /* Debug */ = {
			isa = XCBuildConfiguration;
			buildSettings = {
				ALWAYS_SEARCH_USER_PATHS = NO;
				CLANG_CXX_LANGUAGE_STANDARD = "gnu++0x";
				CLANG_CXX_LIBRARY = "libc++";
				CLANG_ENABLE_MODULES = YES;
				CLANG_ENABLE_OBJC_ARC = YES;
				CLANG_WARN_BOOL_CONVERSION = YES;
				CLANG_WARN_CONSTANT_CONVERSION = YES;
				CLANG_WARN_DIRECT_OBJC_ISA_USAGE = YES_ERROR;
				CLANG_WARN_EMPTY_BODY = YES;
				CLANG_WARN_ENUM_CONVERSION = YES;
				CLANG_WARN_INT_CONVERSION = YES;
				CLANG_WARN_OBJC_ROOT_CLASS = YES_ERROR;
				CLANG_WARN_UNREACHABLE_CODE = YES;
				CLANG_WARN__DUPLICATE_METHOD_MATCH = YES;
				COPY_PHASE_STRIP = NO;
				DEBUG_INFORMATION_FORMAT = dwarf;
				ENABLE_STRICT_OBJC_MSGSEND = YES;
				GCC_C_LANGUAGE_STANDARD = gnu99;
				GCC_DYNAMIC_NO_PIC = NO;
				GCC_NO_COMMON_BLOCKS = YES;
				GCC_OPTIMIZATION_LEVEL = 0;
				GCC_PREPROCESSOR_DEFINITIONS = (
					"DEBUG=1",
					"$(inherited)",
				);
				GCC_SYMBOLS_PRIVATE_EXTERN = NO;
				GCC_WARN_64_TO_32_BIT_CONVERSION = YES;
				GCC_WARN_ABOUT_RETURN_TYPE = YES_ERROR;
				GCC_WARN_UNDECLARED_SELECTOR = YES;
				GCC_WARN_UNINITIALIZED_AUTOS = YES_AGGRESSIVE;
				GCC_WARN_UNUSED_FUNCTION = YES;
				GCC_WARN_UNUSED_VARIABLE = YES;
				MACOSX_DEPLOYMENT_TARGET = 10.10;
				MTL_ENABLE_DEBUG_INFO = YES;
				ONLY_ACTIVE_ARCH = YES;
				SDKROOT = macosx;
			};
			name = Debug;
		};
		AD6F4C141AF05408007809CA /* Release */ = {
			isa = XCBuildConfiguration;
			buildSettings = {
				ALWAYS_SEARCH_USER_PATHS = NO;
				CLANG_CXX_LANGUAGE_STANDARD = "gnu++0x";
				CLANG_CXX_LIBRARY = "libc++";
				CLANG_ENABLE_MODULES = YES;
				CLANG_ENABLE_OBJC_ARC = YES;
				CLANG_WARN_BOOL_CONVERSION = YES;
				CLANG_WARN_CONSTANT_CONVERSION = YES;
				CLANG_WARN_DIRECT_OBJC_ISA_USAGE = YES_ERROR;
				CLANG_WARN_EMPTY_BODY = YES;
				CLANG_WARN_ENUM_CONVERSION = YES;
				CLANG_WARN_INT_CONVERSION = YES;
				CLANG_WARN_OBJC_ROOT_CLASS = YES_ERROR;
				CLANG_WARN_UNREACHABLE_CODE = YES;
				CLANG_WARN__DUPLICATE_METHOD_MATCH = YES;
				COPY_PHASE_STRIP = NO;
				DEBUG_INFORMATION_FORMAT = "dwarf-with-dsym";
				ENABLE_NS_ASSERTIONS = NO;
				ENABLE_STRICT_OBJC_MSGSEND = YES;
				GCC_C_LANGUAGE_STANDARD = gnu99;
				GCC_NO_COMMON_BLOCKS = YES;
				GCC_WARN_64_TO_32_BIT_CONVERSION = YES;
				GCC_WARN_ABOUT_RETURN_TYPE = YES_ERROR;
				GCC_WARN_UNDECLARED_SELECTOR = YES;
				GCC_WARN_UNINITIALIZED_AUTOS = YES_AGGRESSIVE;
				GCC_WARN_UNUSED_FUNCTION = YES;
				GCC_WARN_UNUSED_VARIABLE = YES;
				MACOSX_DEPLOYMENT_TARGET = 10.10;
				MTL_ENABLE_DEBUG_INFO = NO;
				SDKROOT = macosx;
			};
			name = Release;
		};
		AD6F4C161AF05408007809CA /* Debug */ = {
			isa = XCBuildConfiguration;
			buildSettings = {
				PRODUCT_NAME = "$(TARGET_NAME)";
			};
			name = Debug;
		};
		AD6F4C171AF05408007809CA /* Release */ = {
			isa = XCBuildConfiguration;
			buildSettings = {
				PRODUCT_NAME = "$(TARGET_NAME)";
			};
			name = Release;
		};
/* End XCBuildConfiguration section */

/* Begin XCConfigurationList section */
		AD6F4C091AF05408007809CA /* Build configuration list for PBXProject "IOScheduling" */ = {
			isa = XCConfigurationList;
			buildConfigurations = (
				AD6F4C131AF05408007809CA /* Debug */,
				AD6F4C141AF05408007809CA /* Release */,
			);
			defaultConfigurationIsVisible = 0;
			defaultConfigurationName = Release;
		};
		AD6F4C151AF05408007809CA /* Build configuration list for PBXNativeTarget "IOScheduling" */ = {
			isa = XCConfigurationList;
			buildConfigurations = (
				AD6F4C161AF05408007809CA /* Debug */,
				AD6F4C171AF05408007809CA /* Release */,
			);
			defaultConfigurationIsVisible = 0;
		};
/* End XCConfigurationList section */
	};
	rootObject = AD6F4C061AF05408007809CA /* Project object */;
}
